
Microsoft Visual Studio Solution File, Format Version 12.00
# Visual Studio Version 16
VisualStudioVersion = 16.0.808.7
MinimumVisualStudioVersion = 10.0.40219.1
Project("{9A19103F-16F7-4668-BE54-9A1E7A4F7556}") = "LinkedList", "LinkedList.csproj", "{7464E26C-5E68-4A23-BBD8-8ADF1691F320}"
EndProject
Global
	GlobalSection(SolutionConfigurationPlatforms) = preSolution
		Debug|Any CPU = Debug|Any CPU
		Release|Any CPU = Release|Any CPU
	EndGlobalSection
	GlobalSection(ProjectConfigurationPlatforms) = postSolution
		{7464E26C-5E68-4A23-BBD8-8ADF1691F320}.Debug|Any CPU.ActiveCfg = Debug|Any CPU
		{7464E26C-5E68-4A23-BBD8-8ADF1691F320}.Debug|Any CPU.Build.0 = Debug|Any CPU
		{7464E26C-5E68-4A23-BBD8-8ADF1691F320}.Release|Any CPU.ActiveCfg = Release|Any CPU
		{7464E26C-5E68-4A23-BBD8-8ADF1691F320}.Release|Any CPU.Build.0 = Release|Any CPU
	EndGlobalSection
	GlobalSection(SolutionProperties) = preSolution
		HideSolutionNode = FALSE
	EndGlobalSection
	GlobalSection(ExtensibilityGlobals) = postSolution
		SolutionGuid = {5B67D849-3B5D-4AC8-B67F-CA5605D518D8}
	EndGlobalSection
EndGlobal
